Microsoft Visual Studio Solution File, Format Version 12.00
# Visual Studio 2012
Project("{FAE04EC0-301F-11D3-BF4B-00C04F79EFBC}") = "40 Dream Dream", "40 Dream Dream.csproj", "{720DCC6B-67AE-4EB5-BD0B-A2D66BEDA102}"
EndProject
Global
	GlobalSection(SolutionConfigurationPlatforms) = preSolution
	Debug|Any CPU = Debug|Any CPU
	ExportDebug|Any CPU = ExportDebug|Any CPU
	ExportRelease|Any CPU = ExportRelease|Any CPU
	EndGlobalSection
	GlobalSection(ProjectConfigurationPlatforms) = postSolution
		{720DCC6B-67AE-4EB5-BD0B-A2D66BEDA102}.Debug|Any CPU.ActiveCfg = Debug|Any CPU
		{720DCC6B-67AE-4EB5-BD0B-A2D66BEDA102}.Debug|Any CPU.Build.0 = Debug|Any CPU
		{720DCC6B-67AE-4EB5-BD0B-A2D66BEDA102}.ExportDebug|Any CPU.ActiveCfg = ExportDebug|Any CPU
		{720DCC6B-67AE-4EB5-BD0B-A2D66BEDA102}.ExportDebug|Any CPU.Build.0 = ExportDebug|Any CPU
		{720DCC6B-67AE-4EB5-BD0B-A2D66BEDA102}.ExportRelease|Any CPU.ActiveCfg = ExportRelease|Any CPU
		{720DCC6B-67AE-4EB5-BD0B-A2D66BEDA102}.ExportRelease|Any CPU.Build.0 = ExportRelease|Any CPU
	EndGlobalSection
EndGlobal
